
Microsoft Visual Studio Solution File, Format Version 12.00
# Visual Studio Version 17
VisualStudioVersion = 17.2.32616.157
MinimumVisualStudioVersion = 10.0.40219.1
Project("{FAE04EC0-301F-11D3-BF4B-00C04F79EFBC}") = "WebApplication2", "WebApplication2.csproj", "{B3852F11-D22F-4BAF-8188-2E0EC6593811}"
EndProject
Global
	GlobalSection(SolutionConfigurationPlatforms) = preSolution
		Debug|Any CPU = Debug|Any CPU
		Release|Any CPU = Release|Any CPU
	EndGlobalSection
	GlobalSection(ProjectConfigurationPlatforms) = postSolution
		{B3852F11-D22F-4BAF-8188-2E0EC6593811}.Debug|Any CPU.ActiveCfg = Debug|Any CPU
		{B3852F11-D22F-4BAF-8188-2E0EC6593811}.Debug|Any CPU.Build.0 = Debug|Any CPU
		{B3852F11-D22F-4BAF-8188-2E0EC6593811}.Release|Any CPU.ActiveCfg = Release|Any CPU
		{B3852F11-D22F-4BAF-8188-2E0EC6593811}.Release|Any CPU.Build.0 = Release|Any CPU
	EndGlobalSection
	GlobalSection(SolutionProperties) = preSolution
		HideSolutionNode = FALSE
	EndGlobalSection
	GlobalSection(ExtensibilityGlobals) = postSolution
		SolutionGuid = {4949DEB6-00D6-4193-8804-9F5F2C4E5437}
	EndGlobalSection
EndGlobal
